
Microsoft Visual Studio Solution File, Format Version 12.00
# Visual Studio Version 16
VisualStudioVersion = 16.0.30114.105
MinimumVisualStudioVersion = 10.0.40219.1
Project("{9A19103F-16F7-4668-BE54-9A1E7A4F7556}") = "FoodDeliveryMVCLab", "FoodDeliveryMVCLab\FoodDeliveryMVCLab.csproj", "{D77CA5EE-CFB1-46CE-8479-AF4CF13AE4E5}"
EndProject
Project("{FAE04EC0-301F-11D3-BF4B-00C04F79EFBC}") = "FoodDeliveryMVCLab.DAL", "FoodDeliveryMVCLab.DAL\FoodDeliveryMVCLab.DAL.csproj", "{C9F619F9-A337-4BE7-A2DC-D3B8C37BD2C7}"
EndProject
Global
	GlobalSection(SolutionConfigurationPlatforms) = preSolution
		Debug|Any CPU = Debug|Any CPU
		Release|Any CPU = Release|Any CPU
	EndGlobalSection
	GlobalSection(ProjectConfigurationPlatforms) = postSolution
		{D77CA5EE-CFB1-46CE-8479-AF4CF13AE4E5}.Debug|Any CPU.ActiveCfg = Debug|Any CPU
		{D77CA5EE-CFB1-46CE-8479-AF4CF13AE4E5}.Debug|Any CPU.Build.0 = Debug|Any CPU
		{D77CA5EE-CFB1-46CE-8479-AF4CF13AE4E5}.Release|Any CPU.ActiveCfg = Release|Any CPU
		{D77CA5EE-CFB1-46CE-8479-AF4CF13AE4E5}.Release|Any CPU.Build.0 = Release|Any CPU
		{C9F619F9-A337-4BE7-A2DC-D3B8C37BD2C7}.Debug|Any CPU.ActiveCfg = Debug|Any CPU
		{C9F619F9-A337-4BE7-A2DC-D3B8C37BD2C7}.Debug|Any CPU.Build.0 = Debug|Any CPU
		{C9F619F9-A337-4BE7-A2DC-D3B8C37BD2C7}.Release|Any CPU.ActiveCfg = Release|Any CPU
		{C9F619F9-A337-4BE7-A2DC-D3B8C37BD2C7}.Release|Any CPU.Build.0 = Release|Any CPU
	EndGlobalSection
	GlobalSection(SolutionProperties) = preSolution
		HideSolutionNode = FALSE
	EndGlobalSection
	GlobalSection(ExtensibilityGlobals) = postSolution
		SolutionGuid = {8E732BB6-A6CA-4FB5-9337-918B5661AC36}
	EndGlobalSection
EndGlobal
